// !$*UTF8*$!
{
	archiveVersion = 1;
	classes = {
	};
	objectVersion = 50;
	objects = {

/* Begin PBXBuildFile section */
		620BB3DB20F0DD4E00A2D742 /* ProductsTableViewController.swift in Sources */ = {isa = PBXBuildFile; fileRef = 620BB3DA20F0DD4E00A2D742 /* ProductsTableViewController.swift */; };
		620BB3DF20F0DEFF00A2D742 /* PrductViewController.swift in Sources */ = {isa = PBXBuildFile; fileRef = 620BB3DE20F0DEFF00A2D742 /* PrductViewController.swift */; };
		620BB3E120F3210B00A2D742 /* DatabaseUpdaterService.swift in Sources */ = {isa = PBXBuildFile; fileRef = 620BB3E020F3210B00A2D742 /* DatabaseUpdaterService.swift */; };
		620BB3EF20F32A7000A2D742 /* DatabaseManager.swift in Sources */ = {isa = PBXBuildFile; fileRef = 620BB3EE20F32A7000A2D742 /* DatabaseManager.swift */; };
		620BB3F120F333CF00A2D742 /* ProductTransaction.swift in Sources */ = {isa = PBXBuildFile; fileRef = 620BB3F020F333CF00A2D742 /* ProductTransaction.swift */; };
		620BB42120F3966500A2D742 /* TransactionCellView.swift in Sources */ = {isa = PBXBuildFile; fileRef = 620BB42020F3966500A2D742 /* TransactionCellView.swift */; };
		620BB42320F3BC2E00A2D742 /* ConversionsBrain.swift in Sources */ = {isa = PBXBuildFile; fileRef = 620BB42220F3BC2E00A2D742 /* ConversionsBrain.swift */; };
		620BB42520F4B09600A2D742 /* Double+Extension.swift in Sources */ = {isa = PBXBuildFile; fileRef = 620BB42420F4B09600A2D742 /* Double+Extension.swift */; };
		622E019620EDE5C90082A7E5 /* TextField+Extension.swift in Sources */ = {isa = PBXBuildFile; fileRef = 622E019520EDE5C90082A7E5 /* TextField+Extension.swift */; };
		622E019820EDE61D0082A7E5 /* DropDownPickerView.swift in Sources */ = {isa = PBXBuildFile; fileRef = 622E019720EDE61D0082A7E5 /* DropDownPickerView.swift */; };
		622E019A20EDE7360082A7E5 /* ConversionViewController.swift in Sources */ = {isa = PBXBuildFile; fileRef = 622E019920EDE7360082A7E5 /* ConversionViewController.swift */; };
		625B13BD20EDDC5D00CCA7EF /* AppDelegate.swift in Sources */ = {isa = PBXBuildFile; fileRef = 625B13BC20EDDC5D00CCA7EF /* AppDelegate.swift */; };
		625B13BF20EDDC5D00CCA7EF /* HomeViewController.swift in Sources */ = {isa = PBXBuildFile; fileRef = 625B13BE20EDDC5D00CCA7EF /* HomeViewController.swift */; };
		625B13C220EDDC5D00CCA7EF /* Main.storyboard in Resources */ = {isa = PBXBuildFile; fileRef = 625B13C020EDDC5D00CCA7EF /* Main.storyboard */; };
		625B13C420EDDC5E00CCA7EF /* Assets.xcassets in Resources */ = {isa = PBXBuildFile; fileRef = 625B13C320EDDC5E00CCA7EF /* Assets.xcassets */; };
		625B13C720EDDC5E00CCA7EF /* LaunchScreen.storyboard in Resources */ = {isa = PBXBuildFile; fileRef = 625B13C520EDDC5E00CCA7EF /* LaunchScreen.storyboard */; };
		626F15F720EF80F100EAE50D /* ConversionRate.swift in Sources */ = {isa = PBXBuildFile; fileRef = 626F15F620EF80F100EAE50D /* ConversionRate.swift */; };
		638C78EEA81E388FCA30AC3A /* Pods_AirTouch.framework in Frameworks */ = {isa = PBXBuildFile; fileRef = D3F322A6B065DB1DF6EFB2EC /* Pods_AirTouch.framework */; };
/* End PBXBuildFile section */

/* Begin PBXFileReference section */
		620BB3DA20F0DD4E00A2D742 /* ProductsTableViewController.swift */ = {isa = PBXFileReference; lastKnownFileType = sourcecode.swift; path = ProductsTableViewController.swift; sourceTree = "<group>"; };
		620BB3DE20F0DEFF00A2D742 /* PrductViewController.swift */ = {isa = PBXFileReference; lastKnownFileType = sourcecode.swift; path = PrductViewController.swift; sourceTree = "<group>"; };
		620BB3E020F3210B00A2D742 /* DatabaseUpdaterService.swift */ = {isa = PBXFileReference; lastKnownFileType = sourcecode.swift; path = DatabaseUpdaterService.swift; sourceTree = "<group>"; };
		620BB3EE20F32A7000A2D742 /* DatabaseManager.swift */ = {isa = PBXFileReference; lastKnownFileType = sourcecode.swift; path = DatabaseManager.swift; sourceTree = "<group>"; };
		620BB3F020F333CF00A2D742 /* ProductTransaction.swift */ = {isa = PBXFileReference; lastKnownFileType = sourcecode.swift; path = ProductTransaction.swift; sourceTree = "<group>"; };
		620BB42020F3966500A2D742 /* TransactionCellView.swift */ = {isa = PBXFileReference; lastKnownFileType = sourcecode.swift; path = TransactionCellView.swift; sourceTree = "<group>"; };
		620BB42220F3BC2E00A2D742 /* ConversionsBrain.swift */ = {isa = PBXFileReference; lastKnownFileType = sourcecode.swift; path = ConversionsBrain.swift; sourceTree = "<group>"; };
		620BB42420F4B09600A2D742 /* Double+Extension.swift */ = {isa = PBXFileReference; lastKnownFileType = sourcecode.swift; path = "Double+Extension.swift"; sourceTree = "<group>"; };
		622E019520EDE5C90082A7E5 /* TextField+Extension.swift */ = {isa = PBXFileReference; lastKnownFileType = sourcecode.swift; path = "TextField+Extension.swift"; sourceTree = "<group>"; };
		622E019720EDE61D0082A7E5 /* DropDownPickerView.swift */ = {isa = PBXFileReference; lastKnownFileType = sourcecode.swift; path = DropDownPickerView.swift; sourceTree = "<group>"; };
		622E019920EDE7360082A7E5 /* ConversionViewController.swift */ = {isa = PBXFileReference; lastKnownFileType = sourcecode.swift; path = ConversionViewController.swift; sourceTree = "<group>"; };
		625B13B920EDDC5D00CCA7EF /* AirTouch.app */ = {isa = PBXFileReference; explicitFileType = wrapper.application; includeInIndex = 0; path = AirTouch.app; sourceTree = BUILT_PRODUCTS_DIR; };
		625B13BC20EDDC5D00CCA7EF /* AppDelegate.swift */ = {isa = PBXFileReference; lastKnownFileType = sourcecode.swift; path = AppDelegate.swift; sourceTree = "<group>"; };
		625B13BE20EDDC5D00CCA7EF /* HomeViewController.swift */ = {isa = PBXFileReference; lastKnownFileType = sourcecode.swift; path = HomeViewController.swift; sourceTree = "<group>"; };
		625B13C120EDDC5D00CCA7EF /* Base */ = {isa = PBXFileReference; lastKnownFileType = file.storyboard; name = Base; path = Base.lproj/Main.storyboard; sourceTree = "<group>"; };
		625B13C320EDDC5E00CCA7EF /* Assets.xcassets */ = {isa = PBXFileReference; lastKnownFileType = folder.assetcatalog; path = Assets.xcassets; sourceTree = "<group>"; };
		625B13C620EDDC5E00CCA7EF /* Base */ = {isa = PBXFileReference; lastKnownFileType = file.storyboard; name = Base; path = Base.lproj/LaunchScreen.storyboard; sourceTree = "<group>"; };
		625B13C820EDDC5E00CCA7EF /* Info.plist */ = {isa = PBXFileReference; lastKnownFileType = text.plist.xml; path = Info.plist; sourceTree = "<group>"; };
		626F15F620EF80F100EAE50D /* ConversionRate.swift */ = {isa = PBXFileReference; lastKnownFileType = sourcecode.swift; path = ConversionRate.swift; sourceTree = "<group>"; };
		D3F322A6B065DB1DF6EFB2EC /* Pods_AirTouch.framework */ = {isa = PBXFileReference; explicitFileType = wrapper.framework; includeInIndex = 0; path = Pods_AirTouch.framework; sourceTree = BUILT_PRODUCTS_DIR; };
		EF0774F5B1B4C4ACE29D9A78 /* Pods-AirTouch.release.xcconfig */ = {isa = PBXFileReference; includeInIndex = 1; lastKnownFileType = text.xcconfig; name = "Pods-AirTouch.release.xcconfig"; path = "Pods/Target Support Files/Pods-AirTouch/Pods-AirTouch.release.xcconfig"; sourceTree = "<group>"; };
		F7FD109C84421B45DA11021D /* Pods-AirTouch.debug.xcconfig */ = {isa = PBXFileReference; includeInIndex = 1; lastKnownFileType = text.xcconfig; name = "Pods-AirTouch.debug.xcconfig"; path = "Pods/Target Support Files/Pods-AirTouch/Pods-AirTouch.debug.xcconfig"; sourceTree = "<group>"; };
/* End PBXFileReference section */

/* Begin PBXFrameworksBuildPhase section */
		625B13B620EDDC5D00CCA7EF /* Frameworks */ = {
			isa = PBXFrameworksBuildPhase;
			buildActionMask = 2147483647;
			files = (
				638C78EEA81E388FCA30AC3A /* Pods_AirTouch.framework in Frameworks */,
			);
			runOnlyForDeploymentPostprocessing = 0;
		};
/* End PBXFrameworksBuildPhase section */

/* Begin PBXGroup section */
		3B30B2F06BC81BC1B2FC6B34 /* Frameworks */ = {
			isa = PBXGroup;
			children = (
				D3F322A6B065DB1DF6EFB2EC /* Pods_AirTouch.framework */,
			);
			name = Frameworks;
			sourceTree = "<group>";
		};
		620BB43220F5091200A2D742 /* Screens */ = {
			isa = PBXGroup;
			children = (
				620BB43C20F509A200A2D742 /* Home */,
				620BB43B20F5099C00A2D742 /* Conversion */,
				620BB43A20F5099500A2D742 /* Products */,
				620BB43920F5098E00A2D742 /* Product */,
			);
			path = Screens;
			sourceTree = "<group>";
		};
		620BB43320F5092400A2D742 /* Storyboards */ = {
			isa = PBXGroup;
			children = (
				625B13C020EDDC5D00CCA7EF /* Main.storyboard */,
				625B13C520EDDC5E00CCA7EF /* LaunchScreen.storyboard */,
			);
			path = Storyboards;
			sourceTree = "<group>";
		};
		620BB43420F5093900A2D742 /* Core */ = {
			isa = PBXGroup;
			children = (
				625B13BC20EDDC5D00CCA7EF /* AppDelegate.swift */,
				625B13C820EDDC5E00CCA7EF /* Info.plist */,
			);
			path = Core;
			sourceTree = "<group>";
		};
		620BB43520F5095200A2D742 /* Database */ = {
			isa = PBXGroup;
			children = (
				626F15F620EF80F100EAE50D /* ConversionRate.swift */,
				620BB3EE20F32A7000A2D742 /* DatabaseManager.swift */,
				620BB3F020F333CF00A2D742 /* ProductTransaction.swift */,
			);
			path = Database;
			sourceTree = "<group>";
		};
		620BB43620F5095C00A2D742 /* Extensions */ = {
			isa = PBXGroup;
			children = (
				622E019520EDE5C90082A7E5 /* TextField+Extension.swift */,
				620BB42420F4B09600A2D742 /* Double+Extension.swift */,
			);
			path = Extensions;
			sourceTree = "<group>";
		};
		620BB43720F5096A00A2D742 /* Services */ = {
			isa = PBXGroup;
			children = (
				620BB3E020F3210B00A2D742 /* DatabaseUpdaterService.swift */,
			);
			path = Services;
			sourceTree = "<group>";
		};
		620BB43820F5097900A2D742 /* Clases */ = {
			isa = PBXGroup;
			children = (
				622E019720EDE61D0082A7E5 /* DropDownPickerView.swift */,
				620BB42220F3BC2E00A2D742 /* ConversionsBrain.swift */,
			);
			path = Clases;
			sourceTree = "<group>";
		};
		620BB43920F5098E00A2D742 /* Product */ = {
			isa = PBXGroup;
			children = (
				620BB3DE20F0DEFF00A2D742 /* PrductViewController.swift */,
				620BB42020F3966500A2D742 /* TransactionCellView.swift */,
			);
			path = Product;
			sourceTree = "<group>";
		};
		620BB43A20F5099500A2D742 /* Products */ = {
			isa = PBXGroup;
			children = (
				620BB3DA20F0DD4E00A2D742 /* ProductsTableViewController.swift */,
			);
			path = Products;
			sourceTree = "<group>";
		};
		620BB43B20F5099C00A2D742 /* Conversion */ = {
			isa = PBXGroup;
			children = (
				622E019920EDE7360082A7E5 /* ConversionViewController.swift */,
			);
			path = Conversion;
			sourceTree = "<group>";
		};
		620BB43C20F509A200A2D742 /* Home */ = {
			isa = PBXGroup;
			children = (
				625B13BE20EDDC5D00CCA7EF /* HomeViewController.swift */,
			);
			path = Home;
			sourceTree = "<group>";
		};
		620BB43D20F509AB00A2D742 /* Resources */ = {
			isa = PBXGroup;
			children = (
				625B13C320EDDC5E00CCA7EF /* Assets.xcassets */,
			);
			path = Resources;
			sourceTree = "<group>";
		};
		625B13B020EDDC5D00CCA7EF = {
			isa = PBXGroup;
			children = (
				625B13BB20EDDC5D00CCA7EF /* AirTouch */,
				625B13BA20EDDC5D00CCA7EF /* Products */,
				D462030D77E0538B145B3C9A /* Pods */,
				3B30B2F06BC81BC1B2FC6B34 /* Frameworks */,
			);
			sourceTree = "<group>";
		};
		625B13BA20EDDC5D00CCA7EF /* Products */ = {
			isa = PBXGroup;
			children = (
				625B13B920EDDC5D00CCA7EF /* AirTouch.app */,
			);
			name = Products;
			sourceTree = "<group>";
		};
		625B13BB20EDDC5D00CCA7EF /* AirTouch */ = {
			isa = PBXGroup;
			children = (
				620BB43420F5093900A2D742 /* Core */,
				620BB43220F5091200A2D742 /* Screens */,
				620BB43320F5092400A2D742 /* Storyboards */,
				620BB43D20F509AB00A2D742 /* Resources */,
				620BB43620F5095C00A2D742 /* Extensions */,
				620BB43820F5097900A2D742 /* Clases */,
				620BB43520F5095200A2D742 /* Database */,
				620BB43720F5096A00A2D742 /* Services */,
			);
			path = AirTouch;
			sourceTree = "<group>";
		};
		D462030D77E0538B145B3C9A /* Pods */ = {
			isa = PBXGroup;
			children = (
				F7FD109C84421B45DA11021D /* Pods-AirTouch.debug.xcconfig */,
				EF0774F5B1B4C4ACE29D9A78 /* Pods-AirTouch.release.xcconfig */,
			);
			name = Pods;
			sourceTree = "<group>";
		};
/* End PBXGroup section */

/* Begin PBXNativeTarget section */
		625B13B820EDDC5D00CCA7EF /* AirTouch */ = {
			isa = PBXNativeTarget;
			buildConfigurationList = 625B13CB20EDDC5E00CCA7EF /* Build configuration list for PBXNativeTarget "AirTouch" */;
			buildPhases = (
				E1B51A042240873BB9538C3A /* [CP] Check Pods Manifest.lock */,
				625B13B520EDDC5D00CCA7EF /* Sources */,
				625B13B620EDDC5D00CCA7EF /* Frameworks */,
				625B13B720EDDC5D00CCA7EF /* Resources */,
				831812FD672D7835990C4442 /* [CP] Embed Pods Frameworks */,
			);
			buildRules = (
			);
			dependencies = (
			);
			name = AirTouch;
			productName = AirTouch;
			productReference = 625B13B920EDDC5D00CCA7EF /* AirTouch.app */;
			productType = "com.apple.product-type.application";
		};
/* End PBXNativeTarget section */

/* Begin PBXProject section */
		625B13B120EDDC5D00CCA7EF /* Project object */ = {
			isa = PBXProject;
			attributes = {
				LastSwiftUpdateCheck = 0940;
				LastUpgradeCheck = 0940;
				ORGANIZATIONNAME = AirTouch;
				TargetAttributes = {
					625B13B820EDDC5D00CCA7EF = {
						CreatedOnToolsVersion = 9.4.1;
					};
				};
			};
			buildConfigurationList = 625B13B420EDDC5D00CCA7EF /* Build configuration list for PBXProject "AirTouch" */;
			compatibilityVersion = "Xcode 9.3";
			developmentRegion = en;
			hasScannedForEncodings = 0;
			knownRegions = (
				en,
				Base,
			);
			mainGroup = 625B13B020EDDC5D00CCA7EF;
			productRefGroup = 625B13BA20EDDC5D00CCA7EF /* Products */;
			projectDirPath = "";
			projectRoot = "";
			targets = (
				625B13B820EDDC5D00CCA7EF /* AirTouch */,
			);
		};
/* End PBXProject section */

/* Begin PBXResourcesBuildPhase section */
		625B13B720EDDC5D00CCA7EF /* Resources */ = {
			isa = PBXResourcesBuildPhase;
			buildActionMask = 2147483647;
			files = (
				625B13C720EDDC5E00CCA7EF /* LaunchScreen.storyboard in Resources */,
				625B13C420EDDC5E00CCA7EF /* Assets.xcassets in Resources */,
				625B13C220EDDC5D00CCA7EF /* Main.storyboard in Resources */,
			);
			runOnlyForDeploymentPostprocessing = 0;
		};
/* End PBXResourcesBuildPhase section */

/* Begin PBXShellScriptBuildPhase section */
		831812FD672D7835990C4442 /* [CP] Embed Pods Frameworks */ = {
			isa = PBXShellScriptBuildPhase;
			buildActionMask = 2147483647;
			files = (
			);
			inputPaths = (
				"${SRCROOT}/Pods/Target Support Files/Pods-AirTouch/Pods-AirTouch-frameworks.sh",
				"${BUILT_PRODUCTS_DIR}/Alamofire/Alamofire.framework",
				"${BUILT_PRODUCTS_DIR}/ProgressHUD/ProgressHUD.framework",
				"${BUILT_PRODUCTS_DIR}/Realm/Realm.framework",
				"${BUILT_PRODUCTS_DIR}/RealmSwift/RealmSwift.framework",
			);
			name = "[CP] Embed Pods Frameworks";
			outputPaths = (
				"${TARGET_BUILD_DIR}/${FRAMEWORKS_FOLDER_PATH}/Alamofire.framework",
				"${TARGET_BUILD_DIR}/${FRAMEWORKS_FOLDER_PATH}/ProgressHUD.framework",
				"${TARGET_BUILD_DIR}/${FRAMEWORKS_FOLDER_PATH}/Realm.framework",
				"${TARGET_BUILD_DIR}/${FRAMEWORKS_FOLDER_PATH}/RealmSwift.framework",
			);
			runOnlyForDeploymentPostprocessing = 0;
			shellPath = /bin/sh;
			shellScript = "\"${SRCROOT}/Pods/Target Support Files/Pods-AirTouch/Pods-AirTouch-frameworks.sh\"\n";
			showEnvVarsInLog = 0;
		};
		E1B51A042240873BB9538C3A /* [CP] Check Pods Manifest.lock */ = {
			isa = PBXShellScriptBuildPhase;
			buildActionMask = 2147483647;
			files = (
			);
			inputPaths = (
				"${PODS_PODFILE_DIR_PATH}/Podfile.lock",
				"${PODS_ROOT}/Manifest.lock",
			);
			name = "[CP] Check Pods Manifest.lock";
			outputPaths = (
				"$(DERIVED_FILE_DIR)/Pods-AirTouch-checkManifestLockResult.txt",
			);
			runOnlyForDeploymentPostprocessing = 0;
			shellPath = /bin/sh;
			shellScript = "diff \"${PODS_PODFILE_DIR_PATH}/Podfile.lock\" \"${PODS_ROOT}/Manifest.lock\" > /dev/null\nif [ $? != 0 ] ; then\n    # print error to STDERR\n    echo \"error: The sandbox is not in sync with the Podfile.lock. Run 'pod install' or update your CocoaPods installation.\" >&2\n    exit 1\nfi\n# This output is used by Xcode 'outputs' to avoid re-running this script phase.\necho \"SUCCESS\" > \"${SCRIPT_OUTPUT_FILE_0}\"\n";
			showEnvVarsInLog = 0;
		};
/* End PBXShellScriptBuildPhase section */

/* Begin PBXSourcesBuildPhase section */
		625B13B520EDDC5D00CCA7EF /* Sources */ = {
			isa = PBXSourcesBuildPhase;
			buildActionMask = 2147483647;
			files = (
				620BB3DB20F0DD4E00A2D742 /* ProductsTableViewController.swift in Sources */,
				620BB3EF20F32A7000A2D742 /* DatabaseManager.swift in Sources */,
				620BB42120F3966500A2D742 /* TransactionCellView.swift in Sources */,
				620BB3F120F333CF00A2D742 /* ProductTransaction.swift in Sources */,
				620BB42320F3BC2E00A2D742 /* ConversionsBrain.swift in Sources */,
				620BB3DF20F0DEFF00A2D742 /* PrductViewController.swift in Sources */,
				626F15F720EF80F100EAE50D /* ConversionRate.swift in Sources */,
				620BB42520F4B09600A2D742 /* Double+Extension.swift in Sources */,
				620BB3E120F3210B00A2D742 /* DatabaseUpdaterService.swift in Sources */,
				625B13BF20EDDC5D00CCA7EF /* HomeViewController.swift in Sources */,
				622E019A20EDE7360082A7E5 /* ConversionViewController.swift in Sources */,
				622E019820EDE61D0082A7E5 /* DropDownPickerView.swift in Sources */,
				622E019620EDE5C90082A7E5 /* TextField+Extension.swift in Sources */,
				625B13BD20EDDC5D00CCA7EF /* AppDelegate.swift in Sources */,
			);
			runOnlyForDeploymentPostprocessing = 0;
		};
/* End PBXSourcesBuildPhase section */

/* Begin PBXVariantGroup section */
		625B13C020EDDC5D00CCA7EF /* Main.storyboard */ = {
			isa = PBXVariantGroup;
			children = (
				625B13C120EDDC5D00CCA7EF /* Base */,
			);
			name = Main.storyboard;
			sourceTree = "<group>";
		};
		625B13C520EDDC5E00CCA7EF /* LaunchScreen.storyboard */ = {
			isa = PBXVariantGroup;
			children = (
				625B13C620EDDC5E00CCA7EF /* Base */,
			);
			name = LaunchScreen.storyboard;
			sourceTree = "<group>";
		};
/* End PBXVariantGroup section */

/* Begin XCBuildConfiguration section */
		625B13C920EDDC5E00CCA7EF /* Debug */ = {
			isa = XCBuildConfiguration;
			buildSettings = {
				ALWAYS_SEARCH_USER_PATHS = NO;
				CLANG_ANALYZER_NONNULL = YES;
				CLANG_ANALYZER_NUMBER_OBJECT_CONVERSION = YES_AGGRESSIVE;
				CLANG_CXX_LANGUAGE_STANDARD = "gnu++14";
				CLANG_CXX_LIBRARY = "libc++";
				CLANG_ENABLE_MODULES = YES;
				CLANG_ENABLE_OBJC_ARC = YES;
				CLANG_ENABLE_OBJC_WEAK = YES;
				CLANG_WARN_BLOCK_CAPTURE_AUTORELEASING = YES;
				CLANG_WARN_BOOL_CONVERSION = YES;
				CLANG_WARN_COMMA = YES;
				CLANG_WARN_CONSTANT_CONVERSION = YES;
				CLANG_WARN_DEPRECATED_OBJC_IMPLEMENTATIONS = YES;
				CLANG_WARN_DIRECT_OBJC_ISA_USAGE = YES_ERROR;
				CLANG_WARN_DOCUMENTATION_COMMENTS = YES;
				CLANG_WARN_EMPTY_BODY = YES;
				CLANG_WARN_ENUM_CONVERSION = YES;
				CLANG_WARN_INFINITE_RECURSION = YES;
				CLANG_WARN_INT_CONVERSION = YES;
				CLANG_WARN_NON_LITERAL_NULL_CONVERSION = YES;
				CLANG_WARN_OBJC_IMPLICIT_RETAIN_SELF = YES;
				CLANG_WARN_OBJC_LITERAL_CONVERSION = YES;
				CLANG_WARN_OBJC_ROOT_CLASS = YES_ERROR;
				CLANG_WARN_RANGE_LOOP_ANALYSIS = YES;
				CLANG_WARN_STRICT_PROTOTYPES = YES;
				CLANG_WARN_SUSPICIOUS_MOVE = YES;
				CLANG_WARN_UNGUARDED_AVAILABILITY = YES_AGGRESSIVE;
				CLANG_WARN_UNREACHABLE_CODE = YES;
				CLANG_WARN__DUPLICATE_METHOD_MATCH = YES;
				CODE_SIGN_IDENTITY = "iPhone Developer";
				COPY_PHASE_STRIP = NO;
				DEBUG_INFORMATION_FORMAT = dwarf;
				ENABLE_STRICT_OBJC_MSGSEND = YES;
				ENABLE_TESTABILITY = YES;
				GCC_C_LANGUAGE_STANDARD = gnu11;
				GCC_DYNAMIC_NO_PIC = NO;
				GCC_NO_COMMON_BLOCKS = YES;
				GCC_OPTIMIZATION_LEVEL = 0;
				GCC_PREPROCESSOR_DEFINITIONS = (
					"DEBUG=1",
					"$(inherited)",
				);
				GCC_WARN_64_TO_32_BIT_CONVERSION = YES;
				GCC_WARN_ABOUT_RETURN_TYPE = YES_ERROR;
				GCC_WARN_UNDECLARED_SELECTOR = YES;
				GCC_WARN_UNINITIALIZED_AUTOS = YES_AGGRESSIVE;
				GCC_WARN_UNUSED_FUNCTION = YES;
				GCC_WARN_UNUSED_VARIABLE = YES;
				IPHONEOS_DEPLOYMENT_TARGET = 11.4;
				MTL_ENABLE_DEBUG_INFO = YES;
				ONLY_ACTIVE_ARCH = YES;
				SDKROOT = iphoneos;
				SWIFT_ACTIVE_COMPILATION_CONDITIONS = DEBUG;
				SWIFT_OPTIMIZATION_LEVEL = "-Onone";
			};
			name = Debug;
		};
		625B13CA20EDDC5E00CCA7EF /* Release */ = {
			isa = XCBuildConfiguration;
			buildSettings = {
				ALWAYS_SEARCH_USER_PATHS = NO;
				CLANG_ANALYZER_NONNULL = YES;
				CLANG_ANALYZER_NUMBER_OBJECT_CONVERSION = YES_AGGRESSIVE;
				CLANG_CXX_LANGUAGE_STANDARD = "gnu++14";
				CLANG_CXX_LIBRARY = "libc++";
				CLANG_ENABLE_MODULES = YES;
				CLANG_ENABLE_OBJC_ARC = YES;
				CLANG_ENABLE_OBJC_WEAK = YES;
				CLANG_WARN_BLOCK_CAPTURE_AUTORELEASING = YES;
				CLANG_WARN_BOOL_CONVERSION = YES;
				CLANG_WARN_COMMA = YES;
				CLANG_WARN_CONSTANT_CONVERSION = YES;
				CLANG_WARN_DEPRECATED_OBJC_IMPLEMENTATIONS = YES;
				CLANG_WARN_DIRECT_OBJC_ISA_USAGE = YES_ERROR;
				CLANG_WARN_DOCUMENTATION_COMMENTS = YES;
				CLANG_WARN_EMPTY_BODY = YES;
				CLANG_WARN_ENUM_CONVERSION = YES;
				CLANG_WARN_INFINITE_RECURSION = YES;
				CLANG_WARN_INT_CONVERSION = YES;
				CLANG_WARN_NON_LITERAL_NULL_CONVERSION = YES;
				CLANG_WARN_OBJC_IMPLICIT_RETAIN_SELF = YES;
				CLANG_WARN_OBJC_LITERAL_CONVERSION = YES;
				CLANG_WARN_OBJC_ROOT_CLASS = YES_ERROR;
				CLANG_WARN_RANGE_LOOP_ANALYSIS = YES;
				CLANG_WARN_STRICT_PROTOTYPES = YES;
				CLANG_WARN_SUSPICIOUS_MOVE = YES;
				CLANG_WARN_UNGUARDED_AVAILABILITY = YES_AGGRESSIVE;
				CLANG_WARN_UNREACHABLE_CODE = YES;
				CLANG_WARN__DUPLICATE_METHOD_MATCH = YES;
				CODE_SIGN_IDENTITY = "iPhone Developer";
				COPY_PHASE_STRIP = NO;
				DEBUG_INFORMATION_FORMAT = "dwarf-with-dsym";
				ENABLE_NS_ASSERTIONS = NO;
				ENABLE_STRICT_OBJC_MSGSEND = YES;
				GCC_C_LANGUAGE_STANDARD = gnu11;
				GCC_NO_COMMON_BLOCKS = YES;
				GCC_WARN_64_TO_32_BIT_CONVERSION = YES;
				GCC_WARN_ABOUT_RETURN_TYPE = YES_ERROR;
				GCC_WARN_UNDECLARED_SELECTOR = YES;
				GCC_WARN_UNINITIALIZED_AUTOS = YES_AGGRESSIVE;
				GCC_WARN_UNUSED_FUNCTION = YES;
				GCC_WARN_UNUSED_VARIABLE = YES;
				IPHONEOS_DEPLOYMENT_TARGET = 11.4;
				MTL_ENABLE_DEBUG_INFO = NO;
				SDKROOT = iphoneos;
				SWIFT_COMPILATION_MODE = wholemodule;
				SWIFT_OPTIMIZATION_LEVEL = "-O";
				VALIDATE_PRODUCT = YES;
			};
			name = Release;
		};
		625B13CC20EDDC5E00CCA7EF /* Debug */ = {
			isa = XCBuildConfiguration;
			baseConfigurationReference = F7FD109C84421B45DA11021D /* Pods-AirTouch.debug.xcconfig */;
			buildSettings = {
				ASSETCATALOG_COMPILER_APPICON_NAME = AppIcon;
				CODE_SIGN_STYLE = Automatic;
				DEVELOPMENT_TEAM = 9EEF7FYUVP;
				INFOPLIST_FILE = AirTouch/Info.plist;
				IPHONEOS_DEPLOYMENT_TARGET = 11;
				LD_RUNPATH_SEARCH_PATHS = (
					"$(inherited)",
					"@executable_path/Frameworks",
				);
				PRODUCT_BUNDLE_IDENTIFIER = com.airtouch.AirTouch;
				PRODUCT_NAME = "$(TARGET_NAME)";
				SWIFT_VERSION = 4.0;
				TARGETED_DEVICE_FAMILY = "1,2";
			};
			name = Debug;
		};
		625B13CD20EDDC5E00CCA7EF /* Release */ = {
			isa = XCBuildConfiguration;
			baseConfigurationReference = EF0774F5B1B4C4ACE29D9A78 /* Pods-AirTouch.release.xcconfig */;
			buildSettings = {
				ASSETCATALOG_COMPILER_APPICON_NAME = AppIcon;
				CODE_SIGN_STYLE = Automatic;
				DEVELOPMENT_TEAM = 9EEF7FYUVP;
				INFOPLIST_FILE = AirTouch/Info.plist;
				IPHONEOS_DEPLOYMENT_TARGET = 11;
				LD_RUNPATH_SEARCH_PATHS = (
					"$(inherited)",
					"@executable_path/Frameworks",
				);
				PRODUCT_BUNDLE_IDENTIFIER = com.airtouch.AirTouch;
				PRODUCT_NAME = "$(TARGET_NAME)";
				SWIFT_VERSION = 4.0;
				TARGETED_DEVICE_FAMILY = "1,2";
			};
			name = Release;
		};
/* End XCBuildConfiguration section */

/* Begin XCConfigurationList section */
		625B13B420EDDC5D00CCA7EF /* Build configuration list for PBXProject "AirTouch" */ = {
			isa = XCConfigurationList;
			buildConfigurations = (
				625B13C920EDDC5E00CCA7EF /* Debug */,
				625B13CA20EDDC5E00CCA7EF /* Release */,
			);
			defaultConfigurationIsVisible = 0;
			defaultConfigurationName = Release;
		};
		625B13CB20EDDC5E00CCA7EF /* Build configuration list for PBXNativeTarget "AirTouch" */ = {
			isa = XCConfigurationList;
			buildConfigurations = (
				625B13CC20EDDC5E00CCA7EF /* Debug */,
				625B13CD20EDDC5E00CCA7EF /* Release */,
			);
			defaultConfigurationIsVisible = 0;
			defaultConfigurationName = Release;
		};
/* End XCConfigurationList section */
	};
	rootObject = 625B13B120EDDC5D00CCA7EF /* Project object */;
}
